
Microsoft Visual Studio Solution File, Format Version 12.00
# Visual Studio Version 16
VisualStudioVersion = 16.0.30804.86
MinimumVisualStudioVersion = 10.0.40219.1
Project("{FAE04EC0-301F-11D3-BF4B-00C04F79EFBC}") = "dropbox01", "dropbox01.csproj", "{7A12AA3B-870D-4CD5-95B2-98C13EB948FF}"
EndProject
Global
	GlobalSection(SolutionConfigurationPlatforms) = preSolution
		Debug|Any CPU = Debug|Any CPU
		Release|Any CPU = Release|Any CPU
	EndGlobalSection
	GlobalSection(ProjectConfigurationPlatforms) = postSolution
		{7A12AA3B-870D-4CD5-95B2-98C13EB948FF}.Debug|Any CPU.ActiveCfg = Debug|Any CPU
		{7A12AA3B-870D-4CD5-95B2-98C13EB948FF}.Debug|Any CPU.Build.0 = Debug|Any CPU
		{7A12AA3B-870D-4CD5-95B2-98C13EB948FF}.Release|Any CPU.ActiveCfg = Release|Any CPU
		{7A12AA3B-870D-4CD5-95B2-98C13EB948FF}.Release|Any CPU.Build.0 = Release|Any CPU
	EndGlobalSection
	GlobalSection(SolutionProperties) = preSolution
		HideSolutionNode = FALSE
	EndGlobalSection
	GlobalSection(ExtensibilityGlobals) = postSolution
		SolutionGuid = {77ACA876-949F-4EED-B385-0DBF18049D0A}
	EndGlobalSection
EndGlobal
